
Microsoft Visual Studio Solution File, Format Version 12.00
# Visual Studio Version 16
VisualStudioVersion = 16.0.31005.135
MinimumVisualStudioVersion = 10.0.40219.1
Project("{FAE04EC0-301F-11D3-BF4B-00C04F79EFBC}") = "PasswordStrengthChecker", "PasswordStrengthChecker\PasswordStrengthChecker.csproj", "{34C82431-F2F8-4E1A-A519-64673B7FA744}"
EndProject
Project("{FAE04EC0-301F-11D3-BF4B-00C04F79EFBC}") = "PasswordStrengthCheckerTests2", "PasswordStrengthCheckerTests2\PasswordStrengthCheckerTests2.csproj", "{F8E293DE-F8EE-4082-BE40-799B1EF3E589}"
EndProject
Global
	GlobalSection(SolutionConfigurationPlatforms) = preSolution
		Debug|Any CPU = Debug|Any CPU
		Release|Any CPU = Release|Any CPU
	EndGlobalSection
	GlobalSection(ProjectConfigurationPlatforms) = postSolution
		{34C82431-F2F8-4E1A-A519-64673B7FA744}.Debug|Any CPU.ActiveCfg = Debug|Any CPU
		{34C82431-F2F8-4E1A-A519-64673B7FA744}.Debug|Any CPU.Build.0 = Debug|Any CPU
		{34C82431-F2F8-4E1A-A519-64673B7FA744}.Release|Any CPU.ActiveCfg = Release|Any CPU
		{34C82431-F2F8-4E1A-A519-64673B7FA744}.Release|Any CPU.Build.0 = Release|Any CPU
		{F8E293DE-F8EE-4082-BE40-799B1EF3E589}.Debug|Any CPU.ActiveCfg = Debug|Any CPU
		{F8E293DE-F8EE-4082-BE40-799B1EF3E589}.Debug|Any CPU.Build.0 = Debug|Any CPU
		{F8E293DE-F8EE-4082-BE40-799B1EF3E589}.Release|Any CPU.ActiveCfg = Release|Any CPU
		{F8E293DE-F8EE-4082-BE40-799B1EF3E589}.Release|Any CPU.Build.0 = Release|Any CPU
	EndGlobalSection
	GlobalSection(SolutionProperties) = preSolution
		HideSolutionNode = FALSE
	EndGlobalSection
	GlobalSection(ExtensibilityGlobals) = postSolution
		SolutionGuid = {08BE2DC7-8637-4FC4-9759-76FEA67D84BA}
	EndGlobalSection
EndGlobal
